
Microsoft Visual Studio Solution File, Format Version 12.00
# Visual Studio 15
VisualStudioVersion = 15.0.26730.3
MinimumVisualStudioVersion = 10.0.40219.1
Project("{FAE04EC0-301F-11D3-BF4B-00C04F79EFBC}") = "EFCoreGlobalQueryFilters", "EFCoreGlobalQueryFilters\EFCoreGlobalQueryFilters.csproj", "{042C0922-645D-402D-9715-3568B324D7DC}"
EndProject
Project("{2150E333-8FDC-42A3-9474-1A3956D46DE8}") = "Solution Items", "Solution Items", "{FBE98E29-8769-4018-9A1F-05661D8AF0FD}"
	ProjectSection(SolutionItems) = preProject
		Database.sql = Database.sql
	EndProjectSection
EndProject
Global
	GlobalSection(SolutionConfigurationPlatforms) = preSolution
		Debug|Any CPU = Debug|Any CPU
		Release|Any CPU = Release|Any CPU
	EndGlobalSection
	GlobalSection(ProjectConfigurationPlatforms) = postSolution
		{042C0922-645D-402D-9715-3568B324D7DC}.Debug|Any CPU.ActiveCfg = Debug|Any CPU
		{042C0922-645D-402D-9715-3568B324D7DC}.Debug|Any CPU.Build.0 = Debug|Any CPU
		{042C0922-645D-402D-9715-3568B324D7DC}.Release|Any CPU.ActiveCfg = Release|Any CPU
		{042C0922-645D-402D-9715-3568B324D7DC}.Release|Any CPU.Build.0 = Release|Any CPU
	EndGlobalSection
	GlobalSection(SolutionProperties) = preSolution
		HideSolutionNode = FALSE
	EndGlobalSection
	GlobalSection(ExtensibilityGlobals) = postSolution
		SolutionGuid = {D2C97D95-CB7C-4239-99A9-5DAB42FC9956}
	EndGlobalSection
EndGlobal
